
Microsoft Visual Studio Solution File, Format Version 12.00
# Visual Studio 2015
Project("{FAE04EC0-301F-11D3-BF4B-00C04F79EFBC}") = "Small Critters.CSharp", "Small Critters.CSharp.csproj", "{CCC5F914-328F-D0EA-E797-D606D219E105}"
EndProject
Project("{FAE04EC0-301F-11D3-BF4B-00C04F79EFBC}") = "Small Critters.CSharp.Editor", "Small Critters.CSharp.Editor.csproj", "{673E1A55-69BF-2624-50AF-6DE7D7796436}"
EndProject
Global
	GlobalSection(SolutionConfigurationPlatforms) = preSolution
		Debug|Any CPU = Debug|Any CPU
		Release|Any CPU = Release|Any CPU
	EndGlobalSection
	GlobalSection(ProjectConfigurationPlatforms) = postSolution
		{CCC5F914-328F-D0EA-E797-D606D219E105}.Debug|Any CPU.ActiveCfg = Debug|Any CPU
		{CCC5F914-328F-D0EA-E797-D606D219E105}.Debug|Any CPU.Build.0 = Debug|Any CPU
		{CCC5F914-328F-D0EA-E797-D606D219E105}.Release|Any CPU.ActiveCfg = Release|Any CPU
		{CCC5F914-328F-D0EA-E797-D606D219E105}.Release|Any CPU.Build.0 = Release|Any CPU
		{673E1A55-69BF-2624-50AF-6DE7D7796436}.Debug|Any CPU.ActiveCfg = Debug|Any CPU
		{673E1A55-69BF-2624-50AF-6DE7D7796436}.Debug|Any CPU.Build.0 = Debug|Any CPU
		{673E1A55-69BF-2624-50AF-6DE7D7796436}.Release|Any CPU.ActiveCfg = Release|Any CPU
		{673E1A55-69BF-2624-50AF-6DE7D7796436}.Release|Any CPU.Build.0 = Release|Any CPU
	EndGlobalSection
	GlobalSection(SolutionProperties) = preSolution
		HideSolutionNode = FALSE
	EndGlobalSection
EndGlobal
