Microsoft Visual Studio Solution File, Format Version 11.00
# Visual Studio 2008

Project("{8E9EB368-D3C3-E889-4518-B201EE939F6D}") = "Small Critters", "Assembly-CSharp-vs.csproj", "{B9CBDB43-A910-64C3-6137-20A935016DB1}"
EndProject
Project("{8E9EB368-D3C3-E889-4518-B201EE939F6D}") = "Small Critters", "Assembly-CSharp-Editor-vs.csproj", "{688CDE8F-0F85-E4A0-0D4C-3B7B0091A0CA}"
EndProject
Global
	GlobalSection(SolutionConfigurationPlatforms) = preSolution
		Debug|Any CPU = Debug|Any CPU
		Release|Any CPU = Release|Any CPU
	EndGlobalSection
	GlobalSection(ProjectConfigurationPlatforms) = postSolution
		{B9CBDB43-A910-64C3-6137-20A935016DB1}.Debug|Any CPU.ActiveCfg = Debug|Any CPU
		{B9CBDB43-A910-64C3-6137-20A935016DB1}.Debug|Any CPU.Build.0 = Debug|Any CPU
		{B9CBDB43-A910-64C3-6137-20A935016DB1}.Release|Any CPU.ActiveCfg = Release|Any CPU
		{B9CBDB43-A910-64C3-6137-20A935016DB1}.Release|Any CPU.Build.0 = Release|Any CPU
		{688CDE8F-0F85-E4A0-0D4C-3B7B0091A0CA}.Debug|Any CPU.ActiveCfg = Debug|Any CPU
		{688CDE8F-0F85-E4A0-0D4C-3B7B0091A0CA}.Debug|Any CPU.Build.0 = Debug|Any CPU
		{688CDE8F-0F85-E4A0-0D4C-3B7B0091A0CA}.Release|Any CPU.ActiveCfg = Release|Any CPU
		{688CDE8F-0F85-E4A0-0D4C-3B7B0091A0CA}.Release|Any CPU.Build.0 = Release|Any CPU
	EndGlobalSection
	GlobalSection(SolutionProperties) = preSolution
		HideSolutionNode = FALSE
	EndGlobalSection
																																																																																																																																																																																																																																GlobalSection(MonoDevelopProperties) = preSolution
		StartupItem = Assembly-CSharp.csproj
		Policies = $0
		$0.TextStylePolicy = $1
		$1.inheritsSet = null
		$1.scope = text/x-csharp
		$0.CSharpFormattingPolicy = $2
		$2.inheritsSet = Mono
		$2.inheritsScope = text/x-csharp
		$2.scope = text/x-csharp
		$0.TextStylePolicy = $3
		$3.FileWidth = 120
		$3.TabWidth = 4
		$3.IndentWidth = 4
		$3.EolMarker = Unix
		$3.inheritsSet = Mono
		$3.inheritsScope = text/plain
		$3.scope = text/plain
	EndGlobalSection

EndGlobal
